
Microsoft Visual Studio Solution File, Format Version 12.00
# Visual Studio Version 17
VisualStudioVersion = 17.8.34330.188
MinimumVisualStudioVersion = 10.0.40219.1
Project("{FAE04EC0-301F-11D3-BF4B-00C04F79EFBC}") = "PublisherApp", "PublisherApp\PublisherApp.csproj", "{7A09F47A-4EEF-44DF-954F-F13C8E68591B}"
EndProject
Project("{FAE04EC0-301F-11D3-BF4B-00C04F79EFBC}") = "Consumer1", "Consumer1\Consumer1.csproj", "{B43F3AF5-BCAE-4580-BE5F-EC9558386157}"
EndProject
Project("{FAE04EC0-301F-11D3-BF4B-00C04F79EFBC}") = "Consumer2", "Consumer2\Consumer2.csproj", "{60625971-39F5-449E-9BE5-AF237EEE72F6}"
EndProject
Global
	GlobalSection(SolutionConfigurationPlatforms) = preSolution
		Debug|Any CPU = Debug|Any CPU
		Release|Any CPU = Release|Any CPU
	EndGlobalSection
	GlobalSection(ProjectConfigurationPlatforms) = postSolution
		{7A09F47A-4EEF-44DF-954F-F13C8E68591B}.Debug|Any CPU.ActiveCfg = Debug|Any CPU
		{7A09F47A-4EEF-44DF-954F-F13C8E68591B}.Debug|Any CPU.Build.0 = Debug|Any CPU
		{7A09F47A-4EEF-44DF-954F-F13C8E68591B}.Release|Any CPU.ActiveCfg = Release|Any CPU
		{7A09F47A-4EEF-44DF-954F-F13C8E68591B}.Release|Any CPU.Build.0 = Release|Any CPU
		{B43F3AF5-BCAE-4580-BE5F-EC9558386157}.Debug|Any CPU.ActiveCfg = Debug|Any CPU
		{B43F3AF5-BCAE-4580-BE5F-EC9558386157}.Debug|Any CPU.Build.0 = Debug|Any CPU
		{B43F3AF5-BCAE-4580-BE5F-EC9558386157}.Release|Any CPU.ActiveCfg = Release|Any CPU
		{B43F3AF5-BCAE-4580-BE5F-EC9558386157}.Release|Any CPU.Build.0 = Release|Any CPU
		{60625971-39F5-449E-9BE5-AF237EEE72F6}.Debug|Any CPU.ActiveCfg = Debug|Any CPU
		{60625971-39F5-449E-9BE5-AF237EEE72F6}.Debug|Any CPU.Build.0 = Debug|Any CPU
		{60625971-39F5-449E-9BE5-AF237EEE72F6}.Release|Any CPU.ActiveCfg = Release|Any CPU
		{60625971-39F5-449E-9BE5-AF237EEE72F6}.Release|Any CPU.Build.0 = Release|Any CPU
	EndGlobalSection
	GlobalSection(SolutionProperties) = preSolution
		HideSolutionNode = FALSE
	EndGlobalSection
	GlobalSection(ExtensibilityGlobals) = postSolution
		SolutionGuid = {0A1C2D62-B677-4452-B952-0D7D7262789F}
	EndGlobalSection
EndGlobal
