
Microsoft Visual Studio Solution File, Format Version 12.00
# Visual Studio Version 17
VisualStudioVersion = 17.8.34330.188
MinimumVisualStudioVersion = 10.0.40219.1
Project("{FAE04EC0-301F-11D3-BF4B-00C04F79EFBC}") = "ProductAPI", "ProductAPI\ProductAPI.csproj", "{30558EBB-8BB7-4D79-841A-2699B98F013E}"
EndProject
Global
	GlobalSection(SolutionConfigurationPlatforms) = preSolution
		Debug|Any CPU = Debug|Any CPU
		Release|Any CPU = Release|Any CPU
	EndGlobalSection
	GlobalSection(ProjectConfigurationPlatforms) = postSolution
		{30558EBB-8BB7-4D79-841A-2699B98F013E}.Debug|Any CPU.ActiveCfg = Debug|Any CPU
		{30558EBB-8BB7-4D79-841A-2699B98F013E}.Debug|Any CPU.Build.0 = Debug|Any CPU
		{30558EBB-8BB7-4D79-841A-2699B98F013E}.Release|Any CPU.ActiveCfg = Release|Any CPU
		{30558EBB-8BB7-4D79-841A-2699B98F013E}.Release|Any CPU.Build.0 = Release|Any CPU
	EndGlobalSection
	GlobalSection(SolutionProperties) = preSolution
		HideSolutionNode = FALSE
	EndGlobalSection
	GlobalSection(ExtensibilityGlobals) = postSolution
		SolutionGuid = {1DE2DE1E-C0F9-4B65-AD78-A5DC5C623AB7}
	EndGlobalSection
EndGlobal
