
Microsoft Visual Studio Solution File, Format Version 12.00
# Visual Studio Version 17
VisualStudioVersion = 17.8.34330.188
MinimumVisualStudioVersion = 10.0.40219.1
Project("{FAE04EC0-301F-11D3-BF4B-00C04F79EFBC}") = "TopicReciverConsoleApp", "TopicReciverConsoleApp\TopicReciverConsoleApp.csproj", "{E59D924F-7D36-4AD4-BEB3-7CAF3A259417}"
EndProject
Global
	GlobalSection(SolutionConfigurationPlatforms) = preSolution
		Debug|Any CPU = Debug|Any CPU
		Release|Any CPU = Release|Any CPU
	EndGlobalSection
	GlobalSection(ProjectConfigurationPlatforms) = postSolution
		{E59D924F-7D36-4AD4-BEB3-7CAF3A259417}.Debug|Any CPU.ActiveCfg = Debug|Any CPU
		{E59D924F-7D36-4AD4-BEB3-7CAF3A259417}.Debug|Any CPU.Build.0 = Debug|Any CPU
		{E59D924F-7D36-4AD4-BEB3-7CAF3A259417}.Release|Any CPU.ActiveCfg = Release|Any CPU
		{E59D924F-7D36-4AD4-BEB3-7CAF3A259417}.Release|Any CPU.Build.0 = Release|Any CPU
	EndGlobalSection
	GlobalSection(SolutionProperties) = preSolution
		HideSolutionNode = FALSE
	EndGlobalSection
	GlobalSection(ExtensibilityGlobals) = postSolution
		SolutionGuid = {6E013EE0-0CB2-41F3-A980-89F6128AC855}
	EndGlobalSection
EndGlobal
